{
  "name": "sqls",
  "version": "1.0.0",
  "lockfileVersion": 2,
  "requires": true,
  "packages": {
    "": {
      "version": "1.0.0",
      "license": "ISC",
      "dependencies": {
        "node-sql-parser": "^3.6.3",
        "node-sqlparser": "^1.0.4"
      }
    },
    "node_modules/big-integer": {
      "version": "1.6.48",
      "resolved": "https://registry.npmjs.org/big-integer/-/big-integer-1.6.48.tgz",
      "integrity": "sha512-j51egjPa7/i+RdiRuJbPdJ2FIUYYPhvYLjzoYbcMMm62ooO6F94fETG4MTs46zPAF9Brs04OajboA/qTGuz78w==",
      "engines": {
        "node": ">=0.6"
      }
    },
    "node_modules/node-sql-parser": {
      "version": "3.6.3",
      "resolved": "https://registry.npmjs.org/node-sql-parser/-/node-sql-parser-3.6.3.tgz",
      "integrity": "sha512-oo/tckpIxh3JjRs3P4kB/72OA+33Sq7hAwpXKrYkXMToQdpi94a5EXL2FgwGxpZ9IN3R+m3SbrnPS3LKPBWM5Q==",
      "dependencies": {
        "big-integer": "^1.6.48"
      },
      "engines": {
        "node": ">=8"
      }
    },
    "node_modules/node-sqlparser": {
      "version": "1.0.4",
      "resolved": "https://registry.npmjs.org/node-sqlparser/-/node-sqlparser-1.0.4.tgz",
      "integrity": "sha512-aw3UIkk+4J6e55x7JH03ZbrYBsfyoMQaCHukfOXgSGqFgc0UG/zM7njxk3y1bc5DXmmtHXlm9yLCacc+qaMBmg==",
      "engines": {
        "node": ">=0.8.0"
      }
    }
  },
  "dependencies": {
    "big-integer": {
      "version": "1.6.48",
      "resolved": "https://registry.npmjs.org/big-integer/-/big-integer-1.6.48.tgz",
      "integrity": "sha512-j51egjPa7/i+RdiRuJbPdJ2FIUYYPhvYLjzoYbcMMm62ooO6F94fETG4MTs46zPAF9Brs04OajboA/qTGuz78w=="
    },
    "node-sql-parser": {
      "version": "3.6.3",
      "resolved": "https://registry.npmjs.org/node-sql-parser/-/node-sql-parser-3.6.3.tgz",
      "integrity": "sha512-oo/tckpIxh3JjRs3P4kB/72OA+33Sq7hAwpXKrYkXMToQdpi94a5EXL2FgwGxpZ9IN3R+m3SbrnPS3LKPBWM5Q==",
      "requires": {
        "big-integer": "^1.6.48"
      }
    },
    "node-sqlparser": {
      "version": "1.0.4",
      "resolved": "https://registry.npmjs.org/node-sqlparser/-/node-sqlparser-1.0.4.tgz",
      "integrity": "sha512-aw3UIkk+4J6e55x7JH03ZbrYBsfyoMQaCHukfOXgSGqFgc0UG/zM7njxk3y1bc5DXmmtHXlm9yLCacc+qaMBmg=="
    }
  }
}
